{
	"name": "data_service_frontend",
	"version": "0.0.1",
	"lockfileVersion": 2,
	"requires": true,
	"packages": {
		"": {
			"name": "data_service_frontend",
			"version": "0.0.1",
			"devDependencies": {
				"@auth0/auth0-spa-js": "^1.13.6",
				"@sveltejs/adapter-node": "next",
				"@sveltejs/adapter-static": "next",
				"@sveltejs/kit": "next",
				"@sveltejs/snowpack-config": "next",
				"bson": "^4.2.2",
				"d3": "^6.5.0",
				"d3-dsv": "^2.0.0",
				"d3-fetch": "^2.0.0",
				"date-fns": "^2.16.1",
				"lodash": "^4.17.20",
				"sass": "^1.0.0",
				"save-svg-as-png": "^1.4.17",
				"svelte": "^3.29.0",
				"svelte-dnd-action": "^0.6.22",
				"svelte-preprocess": "^4.0.0"
			}
		},
		"node_modules/@auth0/auth0-spa-js": {
			"version": "1.13.6",
			"dev": true,
			"license": "MIT",
			"dependencies": {
				"abortcontroller-polyfill": "^1.5.0",
				"browser-tabs-lock": "1.2.9",
				"core-js": "^3.8.0",
				"es-cookie": "^1.3.2",
				"fast-text-encoding": "^1.0.3",
				"promise-polyfill": "^8.2.0",
				"unfetch": "^4.2.0"
			}
		},
		"node_modules/@babel/code-frame": {
			"version": "7.12.13",
			"dev": true,
			"license": "MIT",
			"dependencies": {
				"@babel/highlight": "^7.12.13"
			}
		},
		"node_modules/@babel/helper-validator-identifier": {
			"version": "7.12.11",
			"dev": true,
			"license": "MIT"
		},
		"node_modules/@babel/highlight": {
			"version": "7.12.13",
			"dev": true,
			"license": "MIT",
			"dependencies": {
				"@babel/helper-validator-identifier": "^7.12.11",
				"chalk": "^2.0.0",
				"js-tokens": "^4.0.0"
			}
		},
		"node_modules/@snowpack/plugin-svelte": {
			"version": "3.5.2",
			"dev": true,
			"license": "MIT",
			"dependencies": {
				"rollup-plugin-svelte": "^7.0.0",
				"svelte-hmr": "^0.12.1",
				"svelte-preprocess": "^4.6.0"
			},
			"peerDependencies": {
				"svelte": "^3.21.0"
			}
		},
		"node_modules/@sveltejs/adapter-node": {
			"version": "1.0.0-next.2",
			"resolved": "https://registry.npmjs.org/@sveltejs/adapter-node/-/adapter-node-1.0.0-next.2.tgz",
			"integrity": "sha512-SNy1Wc+a/oZiDtuo85u2fdXO1HoaFK1n+G4x53gcpcBmUdmyICIHnPeU4JwqTsu5BEwOnY5cXfZsEnxmNsCRTQ==",
			"dev": true
		},
		"node_modules/@sveltejs/adapter-static": {
			"version": "1.0.0-next.2",
			"resolved": "https://registry.npmjs.org/@sveltejs/adapter-static/-/adapter-static-1.0.0-next.2.tgz",
			"integrity": "sha512-05MdCVpI8vJgEk4f0uNg5Xd3pjd/DZ83jl8UQ6fOmE9Fwou3RNspJJuueWeDUHmbY7tlqxI2ge3yMMqO5/KdUg==",
			"dev": true
		},
		"node_modules/@sveltejs/kit": {
			"version": "1.0.0-next.34",
			"resolved": "https://registry.npmjs.org/@sveltejs/kit/-/kit-1.0.0-next.34.tgz",
			"integrity": "sha512-J8jGIsQjCQK0GFiQAYm+kES5GtsAbPdRffK7hWIgv+R2mIBjp4IJf749v98h3DNwQfMz9q1DZhWjTUC04PIilg==",
			"dev": true,
			"dependencies": {
				"cheap-watch": "^1.0.3",
				"http-proxy": "^1.18.1",
				"rollup": "^2.38.3",
				"rollup-plugin-css-chunks": "^2.0.2",
				"rollup-plugin-terser": "^7.0.2",
				"sade": "^1.7.4",
				"scorta": "^1.0.0",
				"snowpack": "^3.0.11",
				"source-map": "^0.7.3"
			},
			"bin": {
				"svelte-kit": "svelte-kit.js"
			}
		},
		"node_modules/@sveltejs/snowpack-config": {
			"version": "1.0.0-next.3",
			"resolved": "https://registry.npmjs.org/@sveltejs/snowpack-config/-/snowpack-config-1.0.0-next.3.tgz",
			"integrity": "sha512-ML2rZTkZG1iV0qKk1H2rwt1Th2ifhD2wxQs4DTYOb61xQY57Y41tKfo0Lzf4IYjRKd4CgbvLsXwSw4NkftDl3A==",
			"dev": true,
			"dependencies": {
				"@snowpack/plugin-svelte": "^3.5.2"
			}
		},
		"node_modules/@types/node": {
			"version": "14.14.25",
			"dev": true,
			"license": "MIT"
		},
		"node_modules/@types/pug": {
			"version": "2.0.4",
			"dev": true,
			"license": "MIT"
		},
		"node_modules/@types/sass": {
			"version": "1.16.0",
			"dev": true,
			"license": "MIT",
			"dependencies": {
				"@types/node": "*"
			}
		},
		"node_modules/abortcontroller-polyfill": {
			"version": "1.7.1",
			"dev": true,
			"license": "MIT"
		},
		"node_modules/ansi-styles": {
			"version": "3.2.1",
			"dev": true,
			"license": "MIT",
			"dependencies": {
				"color-convert": "^1.9.0"
			},
			"engines": {
				"node": ">=4"
			}
		},
		"node_modules/anymatch": {
			"version": "3.1.1",
			"dev": true,
			"license": "ISC",
			"dependencies": {
				"normalize-path": "^3.0.0",
				"picomatch": "^2.0.4"
			},
			"engines": {
				"node": ">= 8"
			}
		},
		"node_modules/base64-js": {
			"version": "1.5.1",
			"dev": true,
			"funding": [
				{
					"type": "github",
					"url": "https://github.com/sponsors/feross"
				},
				{
					"type": "patreon",
					"url": "https://www.patreon.com/feross"
				},
				{
					"type": "consulting",
					"url": "https://feross.org/support"
				}
			],
			"license": "MIT"
		},
		"node_modules/binary-extensions": {
			"version": "2.2.0",
			"dev": true,
			"license": "MIT",
			"engines": {
				"node": ">=8"
			}
		},
		"node_modules/braces": {
			"version": "3.0.2",
			"dev": true,
			"license": "MIT",
			"dependencies": {
				"fill-range": "^7.0.1"
			},
			"engines": {
				"node": ">=8"
			}
		},
		"node_modules/browser-tabs-lock": {
			"version": "1.2.9",
			"dev": true,
			"hasInstallScript": true,
			"license": "MIT"
		},
		"node_modules/bson": {
			"version": "4.2.2",
			"dev": true,
			"license": "Apache-2.0",
			"dependencies": {
				"buffer": "^5.6.0"
			},
			"engines": {
				"node": ">=6.9.0"
			}
		},
		"node_modules/buffer": {
			"version": "5.7.1",
			"dev": true,
			"funding": [
				{
					"type": "github",
					"url": "https://github.com/sponsors/feross"
				},
				{
					"type": "patreon",
					"url": "https://www.patreon.com/feross"
				},
				{
					"type": "consulting",
					"url": "https://feross.org/support"
				}
			],
			"license": "MIT",
			"dependencies": {
				"base64-js": "^1.3.1",
				"ieee754": "^1.1.13"
			}
		},
		"node_modules/buffer-from": {
			"version": "1.1.1",
			"dev": true,
			"license": "MIT"
		},
		"node_modules/chalk": {
			"version": "2.4.2",
			"dev": true,
			"license": "MIT",
			"dependencies": {
				"ansi-styles": "^3.2.1",
				"escape-string-regexp": "^1.0.5",
				"supports-color": "^5.3.0"
			},
			"engines": {
				"node": ">=4"
			}
		},
		"node_modules/cheap-watch": {
			"version": "1.0.3",
			"dev": true,
			"license": "MIT",
			"engines": {
				"node": ">=8"
			}
		},
		"node_modules/chokidar": {
			"version": "3.5.1",
			"dev": true,
			"license": "MIT",
			"dependencies": {
				"anymatch": "~3.1.1",
				"braces": "~3.0.2",
				"fsevents": "~2.3.1",
				"glob-parent": "~5.1.0",
				"is-binary-path": "~2.1.0",
				"is-glob": "~4.0.1",
				"normalize-path": "~3.0.0",
				"readdirp": "~3.5.0"
			},
			"engines": {
				"node": ">= 8.10.0"
			},
			"optionalDependencies": {
				"fsevents": "~2.3.1"
			}
		},
		"node_modules/color-convert": {
			"version": "1.9.3",
			"dev": true,
			"license": "MIT",
			"dependencies": {
				"color-name": "1.1.3"
			}
		},
		"node_modules/color-name": {
			"version": "1.1.3",
			"dev": true,
			"license": "MIT"
		},
		"node_modules/commander": {
			"version": "2.20.3",
			"dev": true,
			"license": "MIT"
		},
		"node_modules/core-js": {
			"version": "3.8.3",
			"dev": true,
			"hasInstallScript": true,
			"license": "MIT",
			"funding": {
				"type": "opencollective",
				"url": "https://opencollective.com/core-js"
			}
		},
		"node_modules/d3": {
			"version": "6.5.0",
			"dev": true,
			"license": "BSD-3-Clause",
			"dependencies": {
				"d3-array": "2",
				"d3-axis": "2",
				"d3-brush": "2",
				"d3-chord": "2",
				"d3-color": "2",
				"d3-contour": "2",
				"d3-delaunay": "5",
				"d3-dispatch": "2",
				"d3-drag": "2",
				"d3-dsv": "2",
				"d3-ease": "2",
				"d3-fetch": "2",
				"d3-force": "2",
				"d3-format": "2",
				"d3-geo": "2",
				"d3-hierarchy": "2",
				"d3-interpolate": "2",
				"d3-path": "2",
				"d3-polygon": "2",
				"d3-quadtree": "2",
				"d3-random": "2",
				"d3-scale": "3",
				"d3-scale-chromatic": "2",
				"d3-selection": "2",
				"d3-shape": "2",
				"d3-time": "2",
				"d3-time-format": "3",
				"d3-timer": "2",
				"d3-transition": "2",
				"d3-zoom": "2"
			}
		},
		"node_modules/d3-array": {
			"version": "2.11.0",
			"dev": true,
			"license": "BSD-3-Clause",
			"dependencies": {
				"internmap": "^1.0.0"
			}
		},
		"node_modules/d3-axis": {
			"version": "2.0.0",
			"dev": true,
			"license": "BSD-3-Clause"
		},
		"node_modules/d3-brush": {
			"version": "2.1.0",
			"dev": true,
			"license": "BSD-3-Clause",
			"dependencies": {
				"d3-dispatch": "1 - 2",
				"d3-drag": "2",
				"d3-interpolate": "1 - 2",
				"d3-selection": "2",
				"d3-transition": "2"
			}
		},
		"node_modules/d3-chord": {
			"version": "2.0.0",
			"dev": true,
			"license": "BSD-3-Clause",
			"dependencies": {
				"d3-path": "1 - 2"
			}
		},
		"node_modules/d3-color": {
			"version": "2.0.0",
			"dev": true,
			"license": "BSD-3-Clause"
		},
		"node_modules/d3-contour": {
			"version": "2.0.0",
			"dev": true,
			"license": "BSD-3-Clause",
			"dependencies": {
				"d3-array": "2"
			}
		},
		"node_modules/d3-delaunay": {
			"version": "5.3.0",
			"dev": true,
			"license": "ISC",
			"dependencies": {
				"delaunator": "4"
			}
		},
		"node_modules/d3-dispatch": {
			"version": "2.0.0",
			"dev": true,
			"license": "BSD-3-Clause"
		},
		"node_modules/d3-drag": {
			"version": "2.0.0",
			"dev": true,
			"license": "BSD-3-Clause",
			"dependencies": {
				"d3-dispatch": "1 - 2",
				"d3-selection": "2"
			}
		},
		"node_modules/d3-dsv": {
			"version": "2.0.0",
			"dev": true,
			"license": "BSD-3-Clause",
			"dependencies": {
				"commander": "2",
				"iconv-lite": "0.4",
				"rw": "1"
			},
			"bin": {
				"csv2json": "bin/dsv2json",
				"csv2tsv": "bin/dsv2dsv",
				"dsv2dsv": "bin/dsv2dsv",
				"dsv2json": "bin/dsv2json",
				"json2csv": "bin/json2dsv",
				"json2dsv": "bin/json2dsv",
				"json2tsv": "bin/json2dsv",
				"tsv2csv": "bin/dsv2dsv",
				"tsv2json": "bin/dsv2json"
			}
		},
		"node_modules/d3-ease": {
			"version": "2.0.0",
			"dev": true,
			"license": "BSD-3-Clause"
		},
		"node_modules/d3-fetch": {
			"version": "2.0.0",
			"dev": true,
			"license": "BSD-3-Clause",
			"dependencies": {
				"d3-dsv": "1 - 2"
			}
		},
		"node_modules/d3-force": {
			"version": "2.1.1",
			"dev": true,
			"license": "BSD-3-Clause",
			"dependencies": {
				"d3-dispatch": "1 - 2",
				"d3-quadtree": "1 - 2",
				"d3-timer": "1 - 2"
			}
		},
		"node_modules/d3-format": {
			"version": "2.0.0",
			"dev": true,
			"license": "BSD-3-Clause"
		},
		"node_modules/d3-geo": {
			"version": "2.0.1",
			"dev": true,
			"license": "BSD-3-Clause",
			"dependencies": {
				"d3-array": ">=2.5"
			}
		},
		"node_modules/d3-hierarchy": {
			"version": "2.0.0",
			"dev": true,
			"license": "BSD-3-Clause"
		},
		"node_modules/d3-interpolate": {
			"version": "2.0.1",
			"dev": true,
			"license": "BSD-3-Clause",
			"dependencies": {
				"d3-color": "1 - 2"
			}
		},
		"node_modules/d3-path": {
			"version": "2.0.0",
			"dev": true,
			"license": "BSD-3-Clause"
		},
		"node_modules/d3-polygon": {
			"version": "2.0.0",
			"dev": true,
			"license": "BSD-3-Clause"
		},
		"node_modules/d3-quadtree": {
			"version": "2.0.0",
			"dev": true,
			"license": "BSD-3-Clause"
		},
		"node_modules/d3-random": {
			"version": "2.2.2",
			"dev": true,
			"license": "BSD-3-Clause"
		},
		"node_modules/d3-scale": {
			"version": "3.2.3",
			"dev": true,
			"license": "BSD-3-Clause",
			"dependencies": {
				"d3-array": "^2.3.0",
				"d3-format": "1 - 2",
				"d3-interpolate": "1.2.0 - 2",
				"d3-time": "1 - 2",
				"d3-time-format": "2 - 3"
			}
		},
		"node_modules/d3-scale-chromatic": {
			"version": "2.0.0",
			"dev": true,
			"license": "BSD-3-Clause",
			"dependencies": {
				"d3-color": "1 - 2",
				"d3-interpolate": "1 - 2"
			}
		},
		"node_modules/d3-selection": {
			"version": "2.0.0",
			"dev": true,
			"license": "BSD-3-Clause"
		},
		"node_modules/d3-shape": {
			"version": "2.0.0",
			"dev": true,
			"license": "BSD-3-Clause",
			"dependencies": {
				"d3-path": "1 - 2"
			}
		},
		"node_modules/d3-time": {
			"version": "2.0.0",
			"dev": true,
			"license": "BSD-3-Clause"
		},
		"node_modules/d3-time-format": {
			"version": "3.0.0",
			"dev": true,
			"license": "BSD-3-Clause",
			"dependencies": {
				"d3-time": "1 - 2"
			}
		},
		"node_modules/d3-timer": {
			"version": "2.0.0",
			"dev": true,
			"license": "BSD-3-Clause"
		},
		"node_modules/d3-transition": {
			"version": "2.0.0",
			"dev": true,
			"license": "BSD-3-Clause",
			"dependencies": {
				"d3-color": "1 - 2",
				"d3-dispatch": "1 - 2",
				"d3-ease": "1 - 2",
				"d3-interpolate": "1 - 2",
				"d3-timer": "1 - 2"
			},
			"peerDependencies": {
				"d3-selection": "2"
			}
		},
		"node_modules/d3-zoom": {
			"version": "2.0.0",
			"dev": true,
			"license": "BSD-3-Clause",
			"dependencies": {
				"d3-dispatch": "1 - 2",
				"d3-drag": "2",
				"d3-interpolate": "1 - 2",
				"d3-selection": "2",
				"d3-transition": "2"
			}
		},
		"node_modules/date-fns": {
			"version": "2.17.0",
			"dev": true,
			"license": "MIT",
			"engines": {
				"node": ">=0.11"
			},
			"funding": {
				"type": "opencollective",
				"url": "https://opencollective.com/date-fns"
			}
		},
		"node_modules/delaunator": {
			"version": "4.0.1",
			"dev": true,
			"license": "ISC"
		},
		"node_modules/detect-indent": {
			"version": "6.0.0",
			"dev": true,
			"license": "MIT",
			"engines": {
				"node": ">=8"
			}
		},
		"node_modules/es-cookie": {
			"version": "1.3.2",
			"dev": true,
			"license": "MIT"
		},
		"node_modules/esbuild": {
			"version": "0.8.43",
			"dev": true,
			"hasInstallScript": true,
			"license": "MIT",
			"bin": {
				"esbuild": "bin/esbuild"
			}
		},
		"node_modules/escalade": {
			"version": "3.1.1",
			"dev": true,
			"license": "MIT",
			"engines": {
				"node": ">=6"
			}
		},
		"node_modules/escape-string-regexp": {
			"version": "1.0.5",
			"dev": true,
			"license": "MIT",
			"engines": {
				"node": ">=0.8.0"
			}
		},
		"node_modules/estree-walker": {
			"version": "0.6.1",
			"dev": true,
			"license": "MIT"
		},
		"node_modules/eventemitter3": {
			"version": "4.0.7",
			"dev": true,
			"license": "MIT"
		},
		"node_modules/fast-text-encoding": {
			"version": "1.0.3",
			"dev": true,
			"license": "Apache-2.0"
		},
		"node_modules/fill-range": {
			"version": "7.0.1",
			"dev": true,
			"license": "MIT",
			"dependencies": {
				"to-regex-range": "^5.0.1"
			},
			"engines": {
				"node": ">=8"
			}
		},
		"node_modules/follow-redirects": {
			"version": "1.13.2",
			"dev": true,
			"funding": [
				{
					"type": "individual",
					"url": "https://github.com/sponsors/RubenVerborgh"
				}
			],
			"license": "MIT",
			"engines": {
				"node": ">=4.0"
			},
			"peerDependenciesMeta": {
				"debug": {
					"optional": true
				}
			}
		},
		"node_modules/fsevents": {
			"version": "2.3.2",
			"dev": true,
			"license": "MIT",
			"optional": true,
			"os": [
				"darwin"
			],
			"engines": {
				"node": "^8.16.0 || ^10.6.0 || >=11.0.0"
			}
		},
		"node_modules/glob-parent": {
			"version": "5.1.1",
			"dev": true,
			"license": "ISC",
			"dependencies": {
				"is-glob": "^4.0.1"
			},
			"engines": {
				"node": ">= 6"
			}
		},
		"node_modules/has-flag": {
			"version": "3.0.0",
			"dev": true,
			"license": "MIT",
			"engines": {
				"node": ">=4"
			}
		},
		"node_modules/http-proxy": {
			"version": "1.18.1",
			"dev": true,
			"license": "MIT",
			"dependencies": {
				"eventemitter3": "^4.0.0",
				"follow-redirects": "^1.0.0",
				"requires-port": "^1.0.0"
			},
			"engines": {
				"node": ">=8.0.0"
			}
		},
		"node_modules/iconv-lite": {
			"version": "0.4.24",
			"dev": true,
			"license": "MIT",
			"dependencies": {
				"safer-buffer": ">= 2.1.2 < 3"
			},
			"engines": {
				"node": ">=0.10.0"
			}
		},
		"node_modules/ieee754": {
			"version": "1.2.1",
			"dev": true,
			"funding": [
				{
					"type": "github",
					"url": "https://github.com/sponsors/feross"
				},
				{
					"type": "patreon",
					"url": "https://www.patreon.com/feross"
				},
				{
					"type": "consulting",
					"url": "https://feross.org/support"
				}
			],
			"license": "BSD-3-Clause"
		},
		"node_modules/internmap": {
			"version": "1.0.0",
			"dev": true,
			"license": "ISC"
		},
		"node_modules/is-binary-path": {
			"version": "2.1.0",
			"dev": true,
			"license": "MIT",
			"dependencies": {
				"binary-extensions": "^2.0.0"
			},
			"engines": {
				"node": ">=8"
			}
		},
		"node_modules/is-docker": {
			"version": "2.1.1",
			"dev": true,
			"license": "MIT",
			"bin": {
				"is-docker": "cli.js"
			},
			"engines": {
				"node": ">=8"
			},
			"funding": {
				"url": "https://github.com/sponsors/sindresorhus"
			}
		},
		"node_modules/is-extglob": {
			"version": "2.1.1",
			"dev": true,
			"license": "MIT",
			"engines": {
				"node": ">=0.10.0"
			}
		},
		"node_modules/is-glob": {
			"version": "4.0.1",
			"dev": true,
			"license": "MIT",
			"dependencies": {
				"is-extglob": "^2.1.1"
			},
			"engines": {
				"node": ">=0.10.0"
			}
		},
		"node_modules/is-number": {
			"version": "7.0.0",
			"dev": true,
			"license": "MIT",
			"engines": {
				"node": ">=0.12.0"
			}
		},
		"node_modules/is-wsl": {
			"version": "2.2.0",
			"dev": true,
			"license": "MIT",
			"dependencies": {
				"is-docker": "^2.0.0"
			},
			"engines": {
				"node": ">=8"
			}
		},
		"node_modules/jest-worker": {
			"version": "26.6.2",
			"dev": true,
			"license": "MIT",
			"dependencies": {
				"@types/node": "*",
				"merge-stream": "^2.0.0",
				"supports-color": "^7.0.0"
			},
			"engines": {
				"node": ">= 10.13.0"
			}
		},
		"node_modules/jest-worker/node_modules/has-flag": {
			"version": "4.0.0",
			"dev": true,
			"license": "MIT",
			"engines": {
				"node": ">=8"
			}
		},
		"node_modules/jest-worker/node_modules/supports-color": {
			"version": "7.2.0",
			"dev": true,
			"license": "MIT",
			"dependencies": {
				"has-flag": "^4.0.0"
			},
			"engines": {
				"node": ">=8"
			}
		},
		"node_modules/js-tokens": {
			"version": "4.0.0",
			"dev": true,
			"license": "MIT"
		},
		"node_modules/lodash": {
			"version": "4.17.20",
			"dev": true,
			"license": "MIT"
		},
		"node_modules/merge-stream": {
			"version": "2.0.0",
			"dev": true,
			"license": "MIT"
		},
		"node_modules/min-indent": {
			"version": "1.0.1",
			"dev": true,
			"license": "MIT",
			"engines": {
				"node": ">=4"
			}
		},
		"node_modules/mri": {
			"version": "1.1.6",
			"dev": true,
			"license": "MIT",
			"engines": {
				"node": ">=4"
			}
		},
		"node_modules/normalize-path": {
			"version": "3.0.0",
			"dev": true,
			"license": "MIT",
			"engines": {
				"node": ">=0.10.0"
			}
		},
		"node_modules/open": {
			"version": "7.4.0",
			"dev": true,
			"license": "MIT",
			"dependencies": {
				"is-docker": "^2.0.0",
				"is-wsl": "^2.1.1"
			},
			"engines": {
				"node": ">=8"
			},
			"funding": {
				"url": "https://github.com/sponsors/sindresorhus"
			}
		},
		"node_modules/picomatch": {
			"version": "2.2.2",
			"dev": true,
			"license": "MIT",
			"engines": {
				"node": ">=8.6"
			},
			"funding": {
				"url": "https://github.com/sponsors/jonschlinkert"
			}
		},
		"node_modules/promise-polyfill": {
			"version": "8.2.0",
			"dev": true,
			"license": "MIT"
		},
		"node_modules/randombytes": {
			"version": "2.1.0",
			"dev": true,
			"license": "MIT",
			"dependencies": {
				"safe-buffer": "^5.1.0"
			}
		},
		"node_modules/readdirp": {
			"version": "3.5.0",
			"dev": true,
			"license": "MIT",
			"dependencies": {
				"picomatch": "^2.2.1"
			},
			"engines": {
				"node": ">=8.10.0"
			}
		},
		"node_modules/require-relative": {
			"version": "0.8.7",
			"dev": true,
			"license": "MIT"
		},
		"node_modules/requires-port": {
			"version": "1.0.0",
			"dev": true,
			"license": "MIT"
		},
		"node_modules/rollup": {
			"version": "2.38.5",
			"dev": true,
			"license": "MIT",
			"dependencies": {
				"fsevents": "~2.3.1"
			},
			"bin": {
				"rollup": "dist/bin/rollup"
			},
			"engines": {
				"node": ">=10.0.0"
			},
			"optionalDependencies": {
				"fsevents": "~2.3.1"
			}
		},
		"node_modules/rollup-plugin-css-chunks": {
			"version": "2.0.2",
			"dev": true,
			"license": "MIT",
			"dependencies": {
				"rollup-pluginutils": "^2.7.1",
				"sourcemap-codec": "^1.4.4",
				"url-join": "^4.0.1"
			},
			"peerDependencies": {
				"rollup": ">=2.29.0"
			}
		},
		"node_modules/rollup-plugin-svelte": {
			"version": "7.1.0",
			"dev": true,
			"license": "MIT",
			"dependencies": {
				"require-relative": "^0.8.7",
				"rollup-pluginutils": "^2.8.2"
			},
			"engines": {
				"node": ">=10"
			},
			"peerDependencies": {
				"rollup": ">=2.0.0",
				"svelte": ">=3.5.0"
			}
		},
		"node_modules/rollup-plugin-terser": {
			"version": "7.0.2",
			"dev": true,
			"license": "MIT",
			"dependencies": {
				"@babel/code-frame": "^7.10.4",
				"jest-worker": "^26.2.1",
				"serialize-javascript": "^4.0.0",
				"terser": "^5.0.0"
			},
			"peerDependencies": {
				"rollup": "^2.0.0"
			}
		},
		"node_modules/rollup-pluginutils": {
			"version": "2.8.2",
			"dev": true,
			"license": "MIT",
			"dependencies": {
				"estree-walker": "^0.6.1"
			}
		},
		"node_modules/rw": {
			"version": "1.3.3",
			"dev": true,
			"license": "BSD-3-Clause"
		},
		"node_modules/sade": {
			"version": "1.7.4",
			"dev": true,
			"license": "MIT",
			"dependencies": {
				"mri": "^1.1.0"
			},
			"engines": {
				"node": ">= 6"
			}
		},
		"node_modules/safe-buffer": {
			"version": "5.2.1",
			"dev": true,
			"funding": [
				{
					"type": "github",
					"url": "https://github.com/sponsors/feross"
				},
				{
					"type": "patreon",
					"url": "https://www.patreon.com/feross"
				},
				{
					"type": "consulting",
					"url": "https://feross.org/support"
				}
			],
			"license": "MIT"
		},
		"node_modules/safer-buffer": {
			"version": "2.1.2",
			"dev": true,
			"license": "MIT"
		},
		"node_modules/sass": {
			"version": "1.32.6",
			"dev": true,
			"license": "MIT",
			"dependencies": {
				"chokidar": ">=2.0.0 <4.0.0"
			},
			"bin": {
				"sass": "sass.js"
			},
			"engines": {
				"node": ">=8.9.0"
			}
		},
		"node_modules/save-svg-as-png": {
			"version": "1.4.17",
			"dev": true,
			"license": "MIT"
		},
		"node_modules/scorta": {
			"version": "1.0.0",
			"dev": true,
			"license": "MIT",
			"dependencies": {
				"escalade": "^3.1.0"
			},
			"engines": {
				"node": ">=6"
			}
		},
		"node_modules/serialize-javascript": {
			"version": "4.0.0",
			"dev": true,
			"license": "BSD-3-Clause",
			"dependencies": {
				"randombytes": "^2.1.0"
			}
		},
		"node_modules/snowpack": {
			"version": "3.0.11",
			"dev": true,
			"license": "MIT",
			"dependencies": {
				"esbuild": "^0.8.7",
				"fsevents": "^2.2.0",
				"open": "^7.0.4",
				"rollup": "^2.34.0"
			},
			"bin": {
				"snowpack": "index.bin.js",
				"sp": "index.bin.js"
			},
			"engines": {
				"node": ">=10.19.0"
			},
			"optionalDependencies": {
				"fsevents": "^2.2.0"
			}
		},
		"node_modules/source-map": {
			"version": "0.7.3",
			"dev": true,
			"license": "BSD-3-Clause",
			"engines": {
				"node": ">= 8"
			}
		},
		"node_modules/source-map-support": {
			"version": "0.5.19",
			"dev": true,
			"license": "MIT",
			"dependencies": {
				"buffer-from": "^1.0.0",
				"source-map": "^0.6.0"
			}
		},
		"node_modules/source-map-support/node_modules/source-map": {
			"version": "0.6.1",
			"dev": true,
			"license": "BSD-3-Clause",
			"engines": {
				"node": ">=0.10.0"
			}
		},
		"node_modules/sourcemap-codec": {
			"version": "1.4.8",
			"dev": true,
			"license": "MIT"
		},
		"node_modules/strip-indent": {
			"version": "3.0.0",
			"dev": true,
			"license": "MIT",
			"dependencies": {
				"min-indent": "^1.0.0"
			},
			"engines": {
				"node": ">=8"
			}
		},
		"node_modules/supports-color": {
			"version": "5.5.0",
			"dev": true,
			"license": "MIT",
			"dependencies": {
				"has-flag": "^3.0.0"
			},
			"engines": {
				"node": ">=4"
			}
		},
		"node_modules/svelte": {
			"version": "3.32.2",
			"dev": true,
			"license": "MIT",
			"engines": {
				"node": ">= 8"
			}
		},
		"node_modules/svelte-dnd-action": {
			"version": "0.6.30",
			"dev": true,
			"license": "MIT"
		},
		"node_modules/svelte-hmr": {
			"version": "0.12.5",
			"dev": true,
			"license": "ISC",
			"peerDependencies": {
				"svelte": ">=3.19.0"
			}
		},
		"node_modules/svelte-preprocess": {
			"version": "4.6.6",
			"dev": true,
			"hasInstallScript": true,
			"license": "MIT",
			"dependencies": {
				"@types/pug": "^2.0.4",
				"@types/sass": "^1.16.0",
				"detect-indent": "^6.0.0",
				"strip-indent": "^3.0.0"
			},
			"engines": {
				"node": ">= 9.11.2"
			},
			"peerDependencies": {
				"@babel/core": "^7.10.2",
				"coffeescript": "^2.5.1",
				"less": "^3.11.3",
				"postcss": "^7 || ^8",
				"postcss-load-config": "^2.1.0 || ^3.0.0",
				"pug": "^3.0.0",
				"sass": "^1.26.8",
				"stylus": "^0.54.7",
				"sugarss": "^2.0.0",
				"svelte": "^3.23.0",
				"typescript": "^3.9.5 || ^4.0.0"
			},
			"peerDependenciesMeta": {
				"@babel/core": {
					"optional": true
				},
				"coffeescript": {
					"optional": true
				},
				"less": {
					"optional": true
				},
				"node-sass": {
					"optional": true
				},
				"postcss": {
					"optional": true
				},
				"postcss-load-config": {
					"optional": true
				},
				"pug": {
					"optional": true
				},
				"sass": {
					"optional": true
				},
				"stylus": {
					"optional": true
				},
				"sugarss": {
					"optional": true
				},
				"typescript": {
					"optional": true
				}
			}
		},
		"node_modules/terser": {
			"version": "5.5.1",
			"dev": true,
			"license": "BSD-2-Clause",
			"dependencies": {
				"commander": "^2.20.0",
				"source-map": "~0.7.2",
				"source-map-support": "~0.5.19"
			},
			"bin": {
				"terser": "bin/terser"
			},
			"engines": {
				"node": ">=10"
			}
		},
		"node_modules/to-regex-range": {
			"version": "5.0.1",
			"dev": true,
			"license": "MIT",
			"dependencies": {
				"is-number": "^7.0.0"
			},
			"engines": {
				"node": ">=8.0"
			}
		},
		"node_modules/unfetch": {
			"version": "4.2.0",
			"dev": true,
			"license": "MIT"
		},
		"node_modules/url-join": {
			"version": "4.0.1",
			"dev": true,
			"license": "MIT"
		}
	},
	"dependencies": {
		"@auth0/auth0-spa-js": {
			"version": "1.13.6",
			"dev": true,
			"requires": {
				"abortcontroller-polyfill": "^1.5.0",
				"browser-tabs-lock": "1.2.9",
				"core-js": "^3.8.0",
				"es-cookie": "^1.3.2",
				"fast-text-encoding": "^1.0.3",
				"promise-polyfill": "^8.2.0",
				"unfetch": "^4.2.0"
			}
		},
		"@babel/code-frame": {
			"version": "7.12.13",
			"dev": true,
			"requires": {
				"@babel/highlight": "^7.12.13"
			}
		},
		"@babel/helper-validator-identifier": {
			"version": "7.12.11",
			"dev": true
		},
		"@babel/highlight": {
			"version": "7.12.13",
			"dev": true,
			"requires": {
				"@babel/helper-validator-identifier": "^7.12.11",
				"chalk": "^2.0.0",
				"js-tokens": "^4.0.0"
			}
		},
		"@snowpack/plugin-svelte": {
			"version": "3.5.2",
			"dev": true,
			"requires": {
				"rollup-plugin-svelte": "^7.0.0",
				"svelte-hmr": "^0.12.1",
				"svelte-preprocess": "^4.6.0"
			}
		},
		"@sveltejs/adapter-node": {
			"version": "1.0.0-next.2",
			"resolved": "https://registry.npmjs.org/@sveltejs/adapter-node/-/adapter-node-1.0.0-next.2.tgz",
			"integrity": "sha512-SNy1Wc+a/oZiDtuo85u2fdXO1HoaFK1n+G4x53gcpcBmUdmyICIHnPeU4JwqTsu5BEwOnY5cXfZsEnxmNsCRTQ==",
			"dev": true
		},
		"@sveltejs/adapter-static": {
			"version": "1.0.0-next.2",
			"resolved": "https://registry.npmjs.org/@sveltejs/adapter-static/-/adapter-static-1.0.0-next.2.tgz",
			"integrity": "sha512-05MdCVpI8vJgEk4f0uNg5Xd3pjd/DZ83jl8UQ6fOmE9Fwou3RNspJJuueWeDUHmbY7tlqxI2ge3yMMqO5/KdUg==",
			"dev": true
		},
		"@sveltejs/kit": {
			"version": "1.0.0-next.34",
			"resolved": "https://registry.npmjs.org/@sveltejs/kit/-/kit-1.0.0-next.34.tgz",
			"integrity": "sha512-J8jGIsQjCQK0GFiQAYm+kES5GtsAbPdRffK7hWIgv+R2mIBjp4IJf749v98h3DNwQfMz9q1DZhWjTUC04PIilg==",
			"dev": true,
			"requires": {
				"cheap-watch": "^1.0.3",
				"http-proxy": "^1.18.1",
				"rollup": "^2.38.3",
				"rollup-plugin-css-chunks": "^2.0.2",
				"rollup-plugin-terser": "^7.0.2",
				"sade": "^1.7.4",
				"scorta": "^1.0.0",
				"snowpack": "^3.0.11",
				"source-map": "^0.7.3"
			}
		},
		"@sveltejs/snowpack-config": {
			"version": "1.0.0-next.3",
			"resolved": "https://registry.npmjs.org/@sveltejs/snowpack-config/-/snowpack-config-1.0.0-next.3.tgz",
			"integrity": "sha512-ML2rZTkZG1iV0qKk1H2rwt1Th2ifhD2wxQs4DTYOb61xQY57Y41tKfo0Lzf4IYjRKd4CgbvLsXwSw4NkftDl3A==",
			"dev": true,
			"requires": {
				"@snowpack/plugin-svelte": "^3.5.2"
			}
		},
		"@types/node": {
			"version": "14.14.25",
			"dev": true
		},
		"@types/pug": {
			"version": "2.0.4",
			"dev": true
		},
		"@types/sass": {
			"version": "1.16.0",
			"dev": true,
			"requires": {
				"@types/node": "*"
			}
		},
		"abortcontroller-polyfill": {
			"version": "1.7.1",
			"dev": true
		},
		"ansi-styles": {
			"version": "3.2.1",
			"dev": true,
			"requires": {
				"color-convert": "^1.9.0"
			}
		},
		"anymatch": {
			"version": "3.1.1",
			"dev": true,
			"requires": {
				"normalize-path": "^3.0.0",
				"picomatch": "^2.0.4"
			}
		},
		"base64-js": {
			"version": "1.5.1",
			"dev": true
		},
		"binary-extensions": {
			"version": "2.2.0",
			"dev": true
		},
		"braces": {
			"version": "3.0.2",
			"dev": true,
			"requires": {
				"fill-range": "^7.0.1"
			}
		},
		"browser-tabs-lock": {
			"version": "1.2.9",
			"dev": true
		},
		"bson": {
			"version": "4.2.2",
			"dev": true,
			"requires": {
				"buffer": "^5.6.0"
			}
		},
		"buffer": {
			"version": "5.7.1",
			"dev": true,
			"requires": {
				"base64-js": "^1.3.1",
				"ieee754": "^1.1.13"
			}
		},
		"buffer-from": {
			"version": "1.1.1",
			"dev": true
		},
		"chalk": {
			"version": "2.4.2",
			"dev": true,
			"requires": {
				"ansi-styles": "^3.2.1",
				"escape-string-regexp": "^1.0.5",
				"supports-color": "^5.3.0"
			}
		},
		"cheap-watch": {
			"version": "1.0.3",
			"dev": true
		},
		"chokidar": {
			"version": "3.5.1",
			"dev": true,
			"requires": {
				"anymatch": "~3.1.1",
				"braces": "~3.0.2",
				"fsevents": "~2.3.1",
				"glob-parent": "~5.1.0",
				"is-binary-path": "~2.1.0",
				"is-glob": "~4.0.1",
				"normalize-path": "~3.0.0",
				"readdirp": "~3.5.0"
			}
		},
		"color-convert": {
			"version": "1.9.3",
			"dev": true,
			"requires": {
				"color-name": "1.1.3"
			}
		},
		"color-name": {
			"version": "1.1.3",
			"dev": true
		},
		"commander": {
			"version": "2.20.3",
			"dev": true
		},
		"core-js": {
			"version": "3.8.3",
			"dev": true
		},
		"d3": {
			"version": "6.5.0",
			"dev": true,
			"requires": {
				"d3-array": "2",
				"d3-axis": "2",
				"d3-brush": "2",
				"d3-chord": "2",
				"d3-color": "2",
				"d3-contour": "2",
				"d3-delaunay": "5",
				"d3-dispatch": "2",
				"d3-drag": "2",
				"d3-dsv": "2",
				"d3-ease": "2",
				"d3-fetch": "2",
				"d3-force": "2",
				"d3-format": "2",
				"d3-geo": "2",
				"d3-hierarchy": "2",
				"d3-interpolate": "2",
				"d3-path": "2",
				"d3-polygon": "2",
				"d3-quadtree": "2",
				"d3-random": "2",
				"d3-scale": "3",
				"d3-scale-chromatic": "2",
				"d3-selection": "2",
				"d3-shape": "2",
				"d3-time": "2",
				"d3-time-format": "3",
				"d3-timer": "2",
				"d3-transition": "2",
				"d3-zoom": "2"
			}
		},
		"d3-array": {
			"version": "2.11.0",
			"dev": true,
			"requires": {
				"internmap": "^1.0.0"
			}
		},
		"d3-axis": {
			"version": "2.0.0",
			"dev": true
		},
		"d3-brush": {
			"version": "2.1.0",
			"dev": true,
			"requires": {
				"d3-dispatch": "1 - 2",
				"d3-drag": "2",
				"d3-interpolate": "1 - 2",
				"d3-selection": "2",
				"d3-transition": "2"
			}
		},
		"d3-chord": {
			"version": "2.0.0",
			"dev": true,
			"requires": {
				"d3-path": "1 - 2"
			}
		},
		"d3-color": {
			"version": "2.0.0",
			"dev": true
		},
		"d3-contour": {
			"version": "2.0.0",
			"dev": true,
			"requires": {
				"d3-array": "2"
			}
		},
		"d3-delaunay": {
			"version": "5.3.0",
			"dev": true,
			"requires": {
				"delaunator": "4"
			}
		},
		"d3-dispatch": {
			"version": "2.0.0",
			"dev": true
		},
		"d3-drag": {
			"version": "2.0.0",
			"dev": true,
			"requires": {
				"d3-dispatch": "1 - 2",
				"d3-selection": "2"
			}
		},
		"d3-dsv": {
			"version": "2.0.0",
			"dev": true,
			"requires": {
				"commander": "2",
				"iconv-lite": "0.4",
				"rw": "1"
			}
		},
		"d3-ease": {
			"version": "2.0.0",
			"dev": true
		},
		"d3-fetch": {
			"version": "2.0.0",
			"dev": true,
			"requires": {
				"d3-dsv": "1 - 2"
			}
		},
		"d3-force": {
			"version": "2.1.1",
			"dev": true,
			"requires": {
				"d3-dispatch": "1 - 2",
				"d3-quadtree": "1 - 2",
				"d3-timer": "1 - 2"
			}
		},
		"d3-format": {
			"version": "2.0.0",
			"dev": true
		},
		"d3-geo": {
			"version": "2.0.1",
			"dev": true,
			"requires": {
				"d3-array": ">=2.5"
			}
		},
		"d3-hierarchy": {
			"version": "2.0.0",
			"dev": true
		},
		"d3-interpolate": {
			"version": "2.0.1",
			"dev": true,
			"requires": {
				"d3-color": "1 - 2"
			}
		},
		"d3-path": {
			"version": "2.0.0",
			"dev": true
		},
		"d3-polygon": {
			"version": "2.0.0",
			"dev": true
		},
		"d3-quadtree": {
			"version": "2.0.0",
			"dev": true
		},
		"d3-random": {
			"version": "2.2.2",
			"dev": true
		},
		"d3-scale": {
			"version": "3.2.3",
			"dev": true,
			"requires": {
				"d3-array": "^2.3.0",
				"d3-format": "1 - 2",
				"d3-interpolate": "1.2.0 - 2",
				"d3-time": "1 - 2",
				"d3-time-format": "2 - 3"
			}
		},
		"d3-scale-chromatic": {
			"version": "2.0.0",
			"dev": true,
			"requires": {
				"d3-color": "1 - 2",
				"d3-interpolate": "1 - 2"
			}
		},
		"d3-selection": {
			"version": "2.0.0",
			"dev": true
		},
		"d3-shape": {
			"version": "2.0.0",
			"dev": true,
			"requires": {
				"d3-path": "1 - 2"
			}
		},
		"d3-time": {
			"version": "2.0.0",
			"dev": true
		},
		"d3-time-format": {
			"version": "3.0.0",
			"dev": true,
			"requires": {
				"d3-time": "1 - 2"
			}
		},
		"d3-timer": {
			"version": "2.0.0",
			"dev": true
		},
		"d3-transition": {
			"version": "2.0.0",
			"dev": true,
			"requires": {
				"d3-color": "1 - 2",
				"d3-dispatch": "1 - 2",
				"d3-ease": "1 - 2",
				"d3-interpolate": "1 - 2",
				"d3-timer": "1 - 2"
			}
		},
		"d3-zoom": {
			"version": "2.0.0",
			"dev": true,
			"requires": {
				"d3-dispatch": "1 - 2",
				"d3-drag": "2",
				"d3-interpolate": "1 - 2",
				"d3-selection": "2",
				"d3-transition": "2"
			}
		},
		"date-fns": {
			"version": "2.17.0",
			"dev": true
		},
		"delaunator": {
			"version": "4.0.1",
			"dev": true
		},
		"detect-indent": {
			"version": "6.0.0",
			"dev": true
		},
		"es-cookie": {
			"version": "1.3.2",
			"dev": true
		},
		"esbuild": {
			"version": "0.8.43",
			"dev": true
		},
		"escalade": {
			"version": "3.1.1",
			"dev": true
		},
		"escape-string-regexp": {
			"version": "1.0.5",
			"dev": true
		},
		"estree-walker": {
			"version": "0.6.1",
			"dev": true
		},
		"eventemitter3": {
			"version": "4.0.7",
			"dev": true
		},
		"fast-text-encoding": {
			"version": "1.0.3",
			"dev": true
		},
		"fill-range": {
			"version": "7.0.1",
			"dev": true,
			"requires": {
				"to-regex-range": "^5.0.1"
			}
		},
		"follow-redirects": {
			"version": "1.13.2",
			"dev": true
		},
		"fsevents": {
			"version": "2.3.2",
			"dev": true,
			"optional": true
		},
		"glob-parent": {
			"version": "5.1.1",
			"dev": true,
			"requires": {
				"is-glob": "^4.0.1"
			}
		},
		"has-flag": {
			"version": "3.0.0",
			"dev": true
		},
		"http-proxy": {
			"version": "1.18.1",
			"dev": true,
			"requires": {
				"eventemitter3": "^4.0.0",
				"follow-redirects": "^1.0.0",
				"requires-port": "^1.0.0"
			}
		},
		"iconv-lite": {
			"version": "0.4.24",
			"dev": true,
			"requires": {
				"safer-buffer": ">= 2.1.2 < 3"
			}
		},
		"ieee754": {
			"version": "1.2.1",
			"dev": true
		},
		"internmap": {
			"version": "1.0.0",
			"dev": true
		},
		"is-binary-path": {
			"version": "2.1.0",
			"dev": true,
			"requires": {
				"binary-extensions": "^2.0.0"
			}
		},
		"is-docker": {
			"version": "2.1.1",
			"dev": true
		},
		"is-extglob": {
			"version": "2.1.1",
			"dev": true
		},
		"is-glob": {
			"version": "4.0.1",
			"dev": true,
			"requires": {
				"is-extglob": "^2.1.1"
			}
		},
		"is-number": {
			"version": "7.0.0",
			"dev": true
		},
		"is-wsl": {
			"version": "2.2.0",
			"dev": true,
			"requires": {
				"is-docker": "^2.0.0"
			}
		},
		"jest-worker": {
			"version": "26.6.2",
			"dev": true,
			"requires": {
				"@types/node": "*",
				"merge-stream": "^2.0.0",
				"supports-color": "^7.0.0"
			},
			"dependencies": {
				"has-flag": {
					"version": "4.0.0",
					"dev": true
				},
				"supports-color": {
					"version": "7.2.0",
					"dev": true,
					"requires": {
						"has-flag": "^4.0.0"
					}
				}
			}
		},
		"js-tokens": {
			"version": "4.0.0",
			"dev": true
		},
		"lodash": {
			"version": "4.17.20",
			"dev": true
		},
		"merge-stream": {
			"version": "2.0.0",
			"dev": true
		},
		"min-indent": {
			"version": "1.0.1",
			"dev": true
		},
		"mri": {
			"version": "1.1.6",
			"dev": true
		},
		"normalize-path": {
			"version": "3.0.0",
			"dev": true
		},
		"open": {
			"version": "7.4.0",
			"dev": true,
			"requires": {
				"is-docker": "^2.0.0",
				"is-wsl": "^2.1.1"
			}
		},
		"picomatch": {
			"version": "2.2.2",
			"dev": true
		},
		"promise-polyfill": {
			"version": "8.2.0",
			"dev": true
		},
		"randombytes": {
			"version": "2.1.0",
			"dev": true,
			"requires": {
				"safe-buffer": "^5.1.0"
			}
		},
		"readdirp": {
			"version": "3.5.0",
			"dev": true,
			"requires": {
				"picomatch": "^2.2.1"
			}
		},
		"require-relative": {
			"version": "0.8.7",
			"dev": true
		},
		"requires-port": {
			"version": "1.0.0",
			"dev": true
		},
		"rollup": {
			"version": "2.38.5",
			"dev": true,
			"requires": {
				"fsevents": "~2.3.1"
			}
		},
		"rollup-plugin-css-chunks": {
			"version": "2.0.2",
			"dev": true,
			"requires": {
				"rollup-pluginutils": "^2.7.1",
				"sourcemap-codec": "^1.4.4",
				"url-join": "^4.0.1"
			}
		},
		"rollup-plugin-svelte": {
			"version": "7.1.0",
			"dev": true,
			"requires": {
				"require-relative": "^0.8.7",
				"rollup-pluginutils": "^2.8.2"
			}
		},
		"rollup-plugin-terser": {
			"version": "7.0.2",
			"dev": true,
			"requires": {
				"@babel/code-frame": "^7.10.4",
				"jest-worker": "^26.2.1",
				"serialize-javascript": "^4.0.0",
				"terser": "^5.0.0"
			}
		},
		"rollup-pluginutils": {
			"version": "2.8.2",
			"dev": true,
			"requires": {
				"estree-walker": "^0.6.1"
			}
		},
		"rw": {
			"version": "1.3.3",
			"dev": true
		},
		"sade": {
			"version": "1.7.4",
			"dev": true,
			"requires": {
				"mri": "^1.1.0"
			}
		},
		"safe-buffer": {
			"version": "5.2.1",
			"dev": true
		},
		"safer-buffer": {
			"version": "2.1.2",
			"dev": true
		},
		"sass": {
			"version": "1.32.6",
			"dev": true,
			"requires": {
				"chokidar": ">=2.0.0 <4.0.0"
			}
		},
		"save-svg-as-png": {
			"version": "1.4.17",
			"dev": true
		},
		"scorta": {
			"version": "1.0.0",
			"dev": true,
			"requires": {
				"escalade": "^3.1.0"
			}
		},
		"serialize-javascript": {
			"version": "4.0.0",
			"dev": true,
			"requires": {
				"randombytes": "^2.1.0"
			}
		},
		"snowpack": {
			"version": "3.0.11",
			"dev": true,
			"requires": {
				"esbuild": "^0.8.7",
				"fsevents": "^2.2.0",
				"open": "^7.0.4",
				"rollup": "^2.34.0"
			}
		},
		"source-map": {
			"version": "0.7.3",
			"dev": true
		},
		"source-map-support": {
			"version": "0.5.19",
			"dev": true,
			"requires": {
				"buffer-from": "^1.0.0",
				"source-map": "^0.6.0"
			},
			"dependencies": {
				"source-map": {
					"version": "0.6.1",
					"dev": true
				}
			}
		},
		"sourcemap-codec": {
			"version": "1.4.8",
			"dev": true
		},
		"strip-indent": {
			"version": "3.0.0",
			"dev": true,
			"requires": {
				"min-indent": "^1.0.0"
			}
		},
		"supports-color": {
			"version": "5.5.0",
			"dev": true,
			"requires": {
				"has-flag": "^3.0.0"
			}
		},
		"svelte": {
			"version": "3.32.2",
			"dev": true
		},
		"svelte-dnd-action": {
			"version": "0.6.30",
			"dev": true
		},
		"svelte-hmr": {
			"version": "0.12.5",
			"dev": true,
			"requires": {}
		},
		"svelte-preprocess": {
			"version": "4.6.6",
			"dev": true,
			"requires": {
				"@types/pug": "^2.0.4",
				"@types/sass": "^1.16.0",
				"detect-indent": "^6.0.0",
				"strip-indent": "^3.0.0"
			}
		},
		"terser": {
			"version": "5.5.1",
			"dev": true,
			"requires": {
				"commander": "^2.20.0",
				"source-map": "~0.7.2",
				"source-map-support": "~0.5.19"
			}
		},
		"to-regex-range": {
			"version": "5.0.1",
			"dev": true,
			"requires": {
				"is-number": "^7.0.0"
			}
		},
		"unfetch": {
			"version": "4.2.0",
			"dev": true
		},
		"url-join": {
			"version": "4.0.1",
			"dev": true
		}
	}
}
